
Microsoft Visual Studio Solution File, Format Version 12.00
# Visual Studio 15
VisualStudioVersion = 15.0.27004.2009
MinimumVisualStudioVersion = 10.0.40219.1
Project("{FAE04EC0-301F-11D3-BF4B-00C04F79EFBC}") = "XamarinStudioUnicode", "XamarinStudioUnicode\XamarinStudioUnicode.csproj", "{11C28E57-F1B6-4C0E-913E-FB4941699338}"
EndProject
Global
	GlobalSection(SolutionConfigurationPlatforms) = preSolution
		Debug|Any CPU = Debug|Any CPU
		Release|Any CPU = Release|Any CPU
	EndGlobalSection
	GlobalSection(ProjectConfigurationPlatforms) = postSolution
		{11C28E57-F1B6-4C0E-913E-FB4941699338}.Debug|Any CPU.ActiveCfg = Debug|Any CPU
		{11C28E57-F1B6-4C0E-913E-FB4941699338}.Debug|Any CPU.Build.0 = Debug|Any CPU
		{11C28E57-F1B6-4C0E-913E-FB4941699338}.Release|Any CPU.ActiveCfg = Release|Any CPU
		{11C28E57-F1B6-4C0E-913E-FB4941699338}.Release|Any CPU.Build.0 = Release|Any CPU
	EndGlobalSection
	GlobalSection(SolutionProperties) = preSolution
		HideSolutionNode = FALSE
	EndGlobalSection
	GlobalSection(ExtensibilityGlobals) = postSolution
		SolutionGuid = {6E7BF224-C13B-4E71-9C9E-FC6A8D1C3BD6}
	EndGlobalSection
EndGlobal
